// !$*UTF8*$!
{
	archiveVersion = 1;
	classes = {
	};
	objectVersion = 46;
	objects = {

/* Begin PBXBuildFile section */
		2A8386E8D7731F5AF30CD77E /* libPods-NetEaseMusic.a in Frameworks */ = {isa = PBXBuildFile; fileRef = 4808285866F3739EAF1577FA /* libPods-NetEaseMusic.a */; };
		6E4F85821E81388900471C32 /* BaseController.m in Sources */ = {isa = PBXBuildFile; fileRef = 6E4F855C1E81388900471C32 /* BaseController.m */; };
		6E4F85831E81388900471C32 /* BaseDataController.m in Sources */ = {isa = PBXBuildFile; fileRef = 6E4F855F1E81388900471C32 /* BaseDataController.m */; };
		6E4F85841E81388900471C32 /* BaseModel.m in Sources */ = {isa = PBXBuildFile; fileRef = 6E4F85621E81388900471C32 /* BaseModel.m */; };
		6E4F85851E81388900471C32 /* BaseView.m in Sources */ = {isa = PBXBuildFile; fileRef = 6E4F85651E81388900471C32 /* BaseView.m */; };
		6E4F85861E81388900471C32 /* BaseViewModel.m in Sources */ = {isa = PBXBuildFile; fileRef = 6E4F85681E81388900471C32 /* BaseViewModel.m */; };
		6E4F85871E81388900471C32 /* SXApiConst.m in Sources */ = {isa = PBXBuildFile; fileRef = 6E4F856C1E81388900471C32 /* SXApiConst.m */; };
		6E4F85881E81388900471C32 /* SXAppConst.m in Sources */ = {isa = PBXBuildFile; fileRef = 6E4F856F1E81388900471C32 /* SXAppConst.m */; };
		6E4F85891E81388900471C32 /* SXDBConst.m in Sources */ = {isa = PBXBuildFile; fileRef = 6E4F85721E81388900471C32 /* SXDBConst.m */; };
		6E4F858A1E81388900471C32 /* SXUserConst.m in Sources */ = {isa = PBXBuildFile; fileRef = 6E4F85751E81388900471C32 /* SXUserConst.m */; };
		6E4F858B1E81388900471C32 /* SXLaunchImageAdView.m in Sources */ = {isa = PBXBuildFile; fileRef = 6E4F85791E81388900471C32 /* SXLaunchImageAdView.m */; };
		6E4F858C1E81388900471C32 /* SXRootControllerTool.m in Sources */ = {isa = PBXBuildFile; fileRef = 6E4F85811E81388900471C32 /* SXRootControllerTool.m */; };
		6E861A7A1E822953005A165E /* DisCoveryMusixBoxController.m in Sources */ = {isa = PBXBuildFile; fileRef = 6E861A791E822953005A165E /* DisCoveryMusixBoxController.m */; };
		6EEF80E81E81355900F127CB /* main.m in Sources */ = {isa = PBXBuildFile; fileRef = 6EEF80E71E81355900F127CB /* main.m */; };
		6EEF80EB1E81355900F127CB /* AppDelegate.m in Sources */ = {isa = PBXBuildFile; fileRef = 6EEF80EA1E81355900F127CB /* AppDelegate.m */; };
		6EEF80F11E81355900F127CB /* Main.storyboard in Resources */ = {isa = PBXBuildFile; fileRef = 6EEF80EF1E81355900F127CB /* Main.storyboard */; };
		6EEF80F31E81355900F127CB /* Assets.xcassets in Resources */ = {isa = PBXBuildFile; fileRef = 6EEF80F21E81355900F127CB /* Assets.xcassets */; };
		6EEF80F61E81355900F127CB /* LaunchScreen.storyboard in Resources */ = {isa = PBXBuildFile; fileRef = 6EEF80F41E81355900F127CB /* LaunchScreen.storyboard */; };
/* End PBXBuildFile section */

/* Begin PBXFileReference section */
		4808285866F3739EAF1577FA /* libPods-NetEaseMusic.a */ = {isa = PBXFileReference; explicitFileType = archive.ar; includeInIndex = 0; path = "libPods-NetEaseMusic.a"; sourceTree = BUILT_PRODUCTS_DIR; };
		561A8849B5A875931F25F35D /* Pods-NetEaseMusic.release.xcconfig */ = {isa = PBXFileReference; includeInIndex = 1; lastKnownFileType = text.xcconfig; name = "Pods-NetEaseMusic.release.xcconfig"; path = "Pods/Target Support Files/Pods-NetEaseMusic/Pods-NetEaseMusic.release.xcconfig"; sourceTree = "<group>"; };
		6E4F855B1E81388900471C32 /* BaseController.h */ = {isa = PBXFileReference; fileEncoding = 4; lastKnownFileType = sourcecode.c.h; path = BaseController.h; sourceTree = "<group>"; };
		6E4F855C1E81388900471C32 /* BaseController.m */ = {isa = PBXFileReference; fileEncoding = 4; lastKnownFileType = sourcecode.c.objc; path = BaseController.m; sourceTree = "<group>"; };
		6E4F855E1E81388900471C32 /* BaseDataController.h */ = {isa = PBXFileReference; fileEncoding = 4; lastKnownFileType = sourcecode.c.h; path = BaseDataController.h; sourceTree = "<group>"; };
		6E4F855F1E81388900471C32 /* BaseDataController.m */ = {isa = PBXFileReference; fileEncoding = 4; lastKnownFileType = sourcecode.c.objc; path = BaseDataController.m; sourceTree = "<group>"; };
		6E4F85611E81388900471C32 /* BaseModel.h */ = {isa = PBXFileReference; fileEncoding = 4; lastKnownFileType = sourcecode.c.h; path = BaseModel.h; sourceTree = "<group>"; };
		6E4F85621E81388900471C32 /* BaseModel.m */ = {isa = PBXFileReference; fileEncoding = 4; lastKnownFileType = sourcecode.c.objc; path = BaseModel.m; sourceTree = "<group>"; };
		6E4F85641E81388900471C32 /* BaseView.h */ = {isa = PBXFileReference; fileEncoding = 4; lastKnownFileType = sourcecode.c.h; path = BaseView.h; sourceTree = "<group>"; };
		6E4F85651E81388900471C32 /* BaseView.m */ = {isa = PBXFileReference; fileEncoding = 4; lastKnownFileType = sourcecode.c.objc; path = BaseView.m; sourceTree = "<group>"; };
		6E4F85671E81388900471C32 /* BaseViewModel.h */ = {isa = PBXFileReference; fileEncoding = 4; lastKnownFileType = sourcecode.c.h; path = BaseViewModel.h; sourceTree = "<group>"; };
		6E4F85681E81388900471C32 /* BaseViewModel.m */ = {isa = PBXFileReference; fileEncoding = 4; lastKnownFileType = sourcecode.c.objc; path = BaseViewModel.m; sourceTree = "<group>"; };
		6E4F856B1E81388900471C32 /* SXApiConst.h */ = {isa = PBXFileReference; fileEncoding = 4; lastKnownFileType = sourcecode.c.h; path = SXApiConst.h; sourceTree = "<group>"; };
		6E4F856C1E81388900471C32 /* SXApiConst.m */ = {isa = PBXFileReference; fileEncoding = 4; lastKnownFileType = sourcecode.c.objc; path = SXApiConst.m; sourceTree = "<group>"; };
		6E4F856E1E81388900471C32 /* SXAppConst.h */ = {isa = PBXFileReference; fileEncoding = 4; lastKnownFileType = sourcecode.c.h; path = SXAppConst.h; sourceTree = "<group>"; };
		6E4F856F1E81388900471C32 /* SXAppConst.m */ = {isa = PBXFileReference; fileEncoding = 4; lastKnownFileType = sourcecode.c.objc; path = SXAppConst.m; sourceTree = "<group>"; };
		6E4F85711E81388900471C32 /* SXDBConst.h */ = {isa = PBXFileReference; fileEncoding = 4; lastKnownFileType = sourcecode.c.h; path = SXDBConst.h; sourceTree = "<group>"; };
		6E4F85721E81388900471C32 /* SXDBConst.m */ = {isa = PBXFileReference; fileEncoding = 4; lastKnownFileType = sourcecode.c.objc; path = SXDBConst.m; sourceTree = "<group>"; };
		6E4F85741E81388900471C32 /* SXUserConst.h */ = {isa = PBXFileReference; fileEncoding = 4; lastKnownFileType = sourcecode.c.h; path = SXUserConst.h; sourceTree = "<group>"; };
		6E4F85751E81388900471C32 /* SXUserConst.m */ = {isa = PBXFileReference; fileEncoding = 4; lastKnownFileType = sourcecode.c.objc; path = SXUserConst.m; sourceTree = "<group>"; };
		6E4F85781E81388900471C32 /* SXLaunchImageAdView.h */ = {isa = PBXFileReference; fileEncoding = 4; lastKnownFileType = sourcecode.c.h; path = SXLaunchImageAdView.h; sourceTree = "<group>"; };
		6E4F85791E81388900471C32 /* SXLaunchImageAdView.m */ = {isa = PBXFileReference; fileEncoding = 4; lastKnownFileType = sourcecode.c.objc; path = SXLaunchImageAdView.m; sourceTree = "<group>"; };
		6E4F857E1E81388900471C32 /* SXPrefixHeader.pch */ = {isa = PBXFileReference; fileEncoding = 4; lastKnownFileType = sourcecode.c.h; path = SXPrefixHeader.pch; sourceTree = "<group>"; };
		6E4F85801E81388900471C32 /* SXRootControllerTool.h */ = {isa = PBXFileReference; fileEncoding = 4; lastKnownFileType = sourcecode.c.h; path = SXRootControllerTool.h; sourceTree = "<group>"; };
		6E4F85811E81388900471C32 /* SXRootControllerTool.m */ = {isa = PBXFileReference; fileEncoding = 4; lastKnownFileType = sourcecode.c.objc; path = SXRootControllerTool.m; sourceTree = "<group>"; };
		6E861A781E822953005A165E /* DisCoveryMusixBoxController.h */ = {isa = PBXFileReference; fileEncoding = 4; lastKnownFileType = sourcecode.c.h; path = DisCoveryMusixBoxController.h; sourceTree = "<group>"; };
		6E861A791E822953005A165E /* DisCoveryMusixBoxController.m */ = {isa = PBXFileReference; fileEncoding = 4; lastKnownFileType = sourcecode.c.objc; path = DisCoveryMusixBoxController.m; sourceTree = "<group>"; };
		6EEF80E31E81355900F127CB /* NetEaseMusic.app */ = {isa = PBXFileReference; explicitFileType = wrapper.application; includeInIndex = 0; path = NetEaseMusic.app; sourceTree = BUILT_PRODUCTS_DIR; };
		6EEF80E71E81355900F127CB /* main.m */ = {isa = PBXFileReference; lastKnownFileType = sourcecode.c.objc; path = main.m; sourceTree = "<group>"; };
		6EEF80E91E81355900F127CB /* AppDelegate.h */ = {isa = PBXFileReference; lastKnownFileType = sourcecode.c.h; path = AppDelegate.h; sourceTree = "<group>"; };
		6EEF80EA1E81355900F127CB /* AppDelegate.m */ = {isa = PBXFileReference; lastKnownFileType = sourcecode.c.objc; path = AppDelegate.m; sourceTree = "<group>"; };
		6EEF80F01E81355900F127CB /* Base */ = {isa = PBXFileReference; lastKnownFileType = file.storyboard; name = Base; path = Base.lproj/Main.storyboard; sourceTree = "<group>"; };
		6EEF80F21E81355900F127CB /* Assets.xcassets */ = {isa = PBXFileReference; lastKnownFileType = folder.assetcatalog; path = Assets.xcassets; sourceTree = "<group>"; };
		6EEF80F51E81355900F127CB /* Base */ = {isa = PBXFileReference; lastKnownFileType = file.storyboard; name = Base; path = Base.lproj/LaunchScreen.storyboard; sourceTree = "<group>"; };
		6EEF80F71E81355900F127CB /* Info.plist */ = {isa = PBXFileReference; lastKnownFileType = text.plist.xml; path = Info.plist; sourceTree = "<group>"; };
		7190392D19E5BECEB2CAA604 /* Pods-NetEaseMusic.debug.xcconfig */ = {isa = PBXFileReference; includeInIndex = 1; lastKnownFileType = text.xcconfig; name = "Pods-NetEaseMusic.debug.xcconfig"; path = "Pods/Target Support Files/Pods-NetEaseMusic/Pods-NetEaseMusic.debug.xcconfig"; sourceTree = "<group>"; };
/* End PBXFileReference section */

/* Begin PBXFrameworksBuildPhase section */
		6EEF80E01E81355900F127CB /* Frameworks */ = {
			isa = PBXFrameworksBuildPhase;
			buildActionMask = 2147483647;
			files = (
				2A8386E8D7731F5AF30CD77E /* libPods-NetEaseMusic.a in Frameworks */,
			);
			runOnlyForDeploymentPostprocessing = 0;
		};
/* End PBXFrameworksBuildPhase section */

/* Begin PBXGroup section */
		6E4F85581E81388900471C32 /* Classes */ = {
			isa = PBXGroup;
			children = (
				6E4F85591E81388900471C32 /* Base */,
				6E4F85691E81388900471C32 /* Config */,
				6E4F85761E81388900471C32 /* Module */,
				6E4F857D1E81388900471C32 /* Others */,
			);
			path = Classes;
			sourceTree = "<group>";
		};
		6E4F85591E81388900471C32 /* Base */ = {
			isa = PBXGroup;
			children = (
				6E4F855A1E81388900471C32 /* BController */,
				6E4F855D1E81388900471C32 /* BDataController */,
				6E4F85601E81388900471C32 /* BModel */,
				6E4F85631E81388900471C32 /* BView */,
				6E4F85661E81388900471C32 /* BViewModel */,
			);
			path = Base;
			sourceTree = "<group>";
		};
		6E4F855A1E81388900471C32 /* BController */ = {
			isa = PBXGroup;
			children = (
				6E4F855B1E81388900471C32 /* BaseController.h */,
				6E4F855C1E81388900471C32 /* BaseController.m */,
			);
			path = BController;
			sourceTree = "<group>";
		};
		6E4F855D1E81388900471C32 /* BDataController */ = {
			isa = PBXGroup;
			children = (
				6E4F855E1E81388900471C32 /* BaseDataController.h */,
				6E4F855F1E81388900471C32 /* BaseDataController.m */,
			);
			path = BDataController;
			sourceTree = "<group>";
		};
		6E4F85601E81388900471C32 /* BModel */ = {
			isa = PBXGroup;
			children = (
				6E4F85611E81388900471C32 /* BaseModel.h */,
				6E4F85621E81388900471C32 /* BaseModel.m */,
			);
			path = BModel;
			sourceTree = "<group>";
		};
		6E4F85631E81388900471C32 /* BView */ = {
			isa = PBXGroup;
			children = (
				6E4F85641E81388900471C32 /* BaseView.h */,
				6E4F85651E81388900471C32 /* BaseView.m */,
			);
			path = BView;
			sourceTree = "<group>";
		};
		6E4F85661E81388900471C32 /* BViewModel */ = {
			isa = PBXGroup;
			children = (
				6E4F85671E81388900471C32 /* BaseViewModel.h */,
				6E4F85681E81388900471C32 /* BaseViewModel.m */,
			);
			path = BViewModel;
			sourceTree = "<group>";
		};
		6E4F85691E81388900471C32 /* Config */ = {
			isa = PBXGroup;
			children = (
				6E4F856A1E81388900471C32 /* CApiConst */,
				6E4F856D1E81388900471C32 /* CAppConst */,
				6E4F85701E81388900471C32 /* CDBConst */,
				6E4F85731E81388900471C32 /* CUserConst */,
			);
			path = Config;
			sourceTree = "<group>";
		};
		6E4F856A1E81388900471C32 /* CApiConst */ = {
			isa = PBXGroup;
			children = (
				6E4F856B1E81388900471C32 /* SXApiConst.h */,
				6E4F856C1E81388900471C32 /* SXApiConst.m */,
			);
			path = CApiConst;
			sourceTree = "<group>";
		};
		6E4F856D1E81388900471C32 /* CAppConst */ = {
			isa = PBXGroup;
			children = (
				6E4F856E1E81388900471C32 /* SXAppConst.h */,
				6E4F856F1E81388900471C32 /* SXAppConst.m */,
			);
			path = CAppConst;
			sourceTree = "<group>";
		};
		6E4F85701E81388900471C32 /* CDBConst */ = {
			isa = PBXGroup;
			children = (
				6E4F85711E81388900471C32 /* SXDBConst.h */,
				6E4F85721E81388900471C32 /* SXDBConst.m */,
			);
			path = CDBConst;
			sourceTree = "<group>";
		};
		6E4F85731E81388900471C32 /* CUserConst */ = {
			isa = PBXGroup;
			children = (
				6E4F85741E81388900471C32 /* SXUserConst.h */,
				6E4F85751E81388900471C32 /* SXUserConst.m */,
			);
			path = CUserConst;
			sourceTree = "<group>";
		};
		6E4F85761E81388900471C32 /* Module */ = {
			isa = PBXGroup;
			children = (
				6E861A751E822893005A165E /* DiscoveryMusic */,
				6E4F85771E81388900471C32 /* SXAdView */,
				6E4F857A1E81388900471C32 /* SXGuide */,
				6E4F857B1E81388900471C32 /* SXRootController */,
				6E4F857C1E81388900471C32 /* SXTabBarController */,
			);
			path = Module;
			sourceTree = "<group>";
		};
		6E4F85771E81388900471C32 /* SXAdView */ = {
			isa = PBXGroup;
			children = (
				6E4F85781E81388900471C32 /* SXLaunchImageAdView.h */,
				6E4F85791E81388900471C32 /* SXLaunchImageAdView.m */,
			);
			path = SXAdView;
			sourceTree = "<group>";
		};
		6E4F857A1E81388900471C32 /* SXGuide */ = {
			isa = PBXGroup;
			children = (
			);
			path = SXGuide;
			sourceTree = "<group>";
		};
		6E4F857B1E81388900471C32 /* SXRootController */ = {
			isa = PBXGroup;
			children = (
			);
			path = SXRootController;
			sourceTree = "<group>";
		};
		6E4F857C1E81388900471C32 /* SXTabBarController */ = {
			isa = PBXGroup;
			children = (
			);
			path = SXTabBarController;
			sourceTree = "<group>";
		};
		6E4F857D1E81388900471C32 /* Others */ = {
			isa = PBXGroup;
			children = (
				6E4F857E1E81388900471C32 /* SXPrefixHeader.pch */,
				6E4F857F1E81388900471C32 /* SXRootControllerTool */,
			);
			path = Others;
			sourceTree = "<group>";
		};
		6E4F857F1E81388900471C32 /* SXRootControllerTool */ = {
			isa = PBXGroup;
			children = (
				6E4F85801E81388900471C32 /* SXRootControllerTool.h */,
				6E4F85811E81388900471C32 /* SXRootControllerTool.m */,
			);
			path = SXRootControllerTool;
			sourceTree = "<group>";
		};
		6E861A751E822893005A165E /* DiscoveryMusic */ = {
			isa = PBXGroup;
			children = (
				6E861A761E82290A005A165E /* Controller */,
			);
			path = DiscoveryMusic;
			sourceTree = "<group>";
		};
		6E861A761E82290A005A165E /* Controller */ = {
			isa = PBXGroup;
			children = (
				6E861A771E82290A005A165E /* Box */,
			);
			path = Controller;
			sourceTree = "<group>";
		};
		6E861A771E82290A005A165E /* Box */ = {
			isa = PBXGroup;
			children = (
				6E861A781E822953005A165E /* DisCoveryMusixBoxController.h */,
				6E861A791E822953005A165E /* DisCoveryMusixBoxController.m */,
			);
			path = Box;
			sourceTree = "<group>";
		};
		6EEF80DA1E81355900F127CB = {
			isa = PBXGroup;
			children = (
				6EEF80E51E81355900F127CB /* NetEaseMusic */,
				6EEF80E41E81355900F127CB /* Products */,
				7C16C05E050DCF6F0CD7F1BA /* Pods */,
				866E550D0F01E2EB223AE611 /* Frameworks */,
			);
			sourceTree = "<group>";
		};
		6EEF80E41E81355900F127CB /* Products */ = {
			isa = PBXGroup;
			children = (
				6EEF80E31E81355900F127CB /* NetEaseMusic.app */,
			);
			name = Products;
			sourceTree = "<group>";
		};
		6EEF80E51E81355900F127CB /* NetEaseMusic */ = {
			isa = PBXGroup;
			children = (
				6E4F85581E81388900471C32 /* Classes */,
				6EEF80E91E81355900F127CB /* AppDelegate.h */,
				6EEF80EA1E81355900F127CB /* AppDelegate.m */,
				6EEF80EF1E81355900F127CB /* Main.storyboard */,
				6EEF80F21E81355900F127CB /* Assets.xcassets */,
				6EEF80F41E81355900F127CB /* LaunchScreen.storyboard */,
				6EEF80F71E81355900F127CB /* Info.plist */,
				6EEF80E61E81355900F127CB /* Supporting Files */,
			);
			path = NetEaseMusic;
			sourceTree = "<group>";
		};
		6EEF80E61E81355900F127CB /* Supporting Files */ = {
			isa = PBXGroup;
			children = (
				6EEF80E71E81355900F127CB /* main.m */,
			);
			name = "Supporting Files";
			sourceTree = "<group>";
		};
		7C16C05E050DCF6F0CD7F1BA /* Pods */ = {
			isa = PBXGroup;
			children = (
				7190392D19E5BECEB2CAA604 /* Pods-NetEaseMusic.debug.xcconfig */,
				561A8849B5A875931F25F35D /* Pods-NetEaseMusic.release.xcconfig */,
			);
			name = Pods;
			sourceTree = "<group>";
		};
		866E550D0F01E2EB223AE611 /* Frameworks */ = {
			isa = PBXGroup;
			children = (
				4808285866F3739EAF1577FA /* libPods-NetEaseMusic.a */,
			);
			name = Frameworks;
			sourceTree = "<group>";
		};
/* End PBXGroup section */

/* Begin PBXNativeTarget section */
		6EEF80E21E81355900F127CB /* NetEaseMusic */ = {
			isa = PBXNativeTarget;
			buildConfigurationList = 6EEF80FA1E81355900F127CB /* Build configuration list for PBXNativeTarget "NetEaseMusic" */;
			buildPhases = (
				7C7F790A626B4BE60D51E2B9 /* [CP] Check Pods Manifest.lock */,
				6EEF80DF1E81355900F127CB /* Sources */,
				6EEF80E01E81355900F127CB /* Frameworks */,
				6EEF80E11E81355900F127CB /* Resources */,
				2C007A5F44F1FF30C67E57B3 /* [CP] Embed Pods Frameworks */,
				636D36B918857336085E35A5 /* [CP] Copy Pods Resources */,
			);
			buildRules = (
			);
			dependencies = (
			);
			name = NetEaseMusic;
			productName = NetEaseMusic;
			productReference = 6EEF80E31E81355900F127CB /* NetEaseMusic.app */;
			productType = "com.apple.product-type.application";
		};
/* End PBXNativeTarget section */

/* Begin PBXProject section */
		6EEF80DB1E81355900F127CB /* Project object */ = {
			isa = PBXProject;
			attributes = {
				LastUpgradeCheck = 0820;
				ORGANIZATIONNAME = "Sun Xu";
				TargetAttributes = {
					6EEF80E21E81355900F127CB = {
						CreatedOnToolsVersion = 8.2.1;
						DevelopmentTeam = 7L4VNB87R6;
						ProvisioningStyle = Automatic;
					};
				};
			};
			buildConfigurationList = 6EEF80DE1E81355900F127CB /* Build configuration list for PBXProject "NetEaseMusic" */;
			compatibilityVersion = "Xcode 3.2";
			developmentRegion = English;
			hasScannedForEncodings = 0;
			knownRegions = (
				en,
				Base,
			);
			mainGroup = 6EEF80DA1E81355900F127CB;
			productRefGroup = 6EEF80E41E81355900F127CB /* Products */;
			projectDirPath = "";
			projectRoot = "";
			targets = (
				6EEF80E21E81355900F127CB /* NetEaseMusic */,
			);
		};
/* End PBXProject section */

/* Begin PBXResourcesBuildPhase section */
		6EEF80E11E81355900F127CB /* Resources */ = {
			isa = PBXResourcesBuildPhase;
			buildActionMask = 2147483647;
			files = (
				6EEF80F61E81355900F127CB /* LaunchScreen.storyboard in Resources */,
				6EEF80F31E81355900F127CB /* Assets.xcassets in Resources */,
				6EEF80F11E81355900F127CB /* Main.storyboard in Resources */,
			);
			runOnlyForDeploymentPostprocessing = 0;
		};
/* End PBXResourcesBuildPhase section */

/* Begin PBXShellScriptBuildPhase section */
		2C007A5F44F1FF30C67E57B3 /* [CP] Embed Pods Frameworks */ = {
			isa = PBXShellScriptBuildPhase;
			buildActionMask = 2147483647;
			files = (
			);
			inputPaths = (
			);
			name = "[CP] Embed Pods Frameworks";
			outputPaths = (
			);
			runOnlyForDeploymentPostprocessing = 0;
			shellPath = /bin/sh;
			shellScript = "\"${SRCROOT}/Pods/Target Support Files/Pods-NetEaseMusic/Pods-NetEaseMusic-frameworks.sh\"\n";
			showEnvVarsInLog = 0;
		};
		636D36B918857336085E35A5 /* [CP] Copy Pods Resources */ = {
			isa = PBXShellScriptBuildPhase;
			buildActionMask = 2147483647;
			files = (
			);
			inputPaths = (
			);
			name = "[CP] Copy Pods Resources";
			outputPaths = (
			);
			runOnlyForDeploymentPostprocessing = 0;
			shellPath = /bin/sh;
			shellScript = "\"${SRCROOT}/Pods/Target Support Files/Pods-NetEaseMusic/Pods-NetEaseMusic-resources.sh\"\n";
			showEnvVarsInLog = 0;
		};
		7C7F790A626B4BE60D51E2B9 /* [CP] Check Pods Manifest.lock */ = {
			isa = PBXShellScriptBuildPhase;
			buildActionMask = 2147483647;
			files = (
			);
			inputPaths = (
			);
			name = "[CP] Check Pods Manifest.lock";
			outputPaths = (
			);
			runOnlyForDeploymentPostprocessing = 0;
			shellPath = /bin/sh;
			shellScript = "diff \"${PODS_ROOT}/../Podfile.lock\" \"${PODS_ROOT}/Manifest.lock\" > /dev/null\nif [ $? != 0 ] ; then\n    # print error to STDERR\n    echo \"error: The sandbox is not in sync with the Podfile.lock. Run 'pod install' or update your CocoaPods installation.\" >&2\n    exit 1\nfi\n";
			showEnvVarsInLog = 0;
		};
/* End PBXShellScriptBuildPhase section */

/* Begin PBXSourcesBuildPhase section */
		6EEF80DF1E81355900F127CB /* Sources */ = {
			isa = PBXSourcesBuildPhase;
			buildActionMask = 2147483647;
			files = (
				6E4F85841E81388900471C32 /* BaseModel.m in Sources */,
				6E4F858A1E81388900471C32 /* SXUserConst.m in Sources */,
				6E4F85861E81388900471C32 /* BaseViewModel.m in Sources */,
				6E4F85851E81388900471C32 /* BaseView.m in Sources */,
				6EEF80EB1E81355900F127CB /* AppDelegate.m in Sources */,
				6E4F85831E81388900471C32 /* BaseDataController.m in Sources */,
				6E4F85891E81388900471C32 /* SXDBConst.m in Sources */,
				6E4F858C1E81388900471C32 /* SXRootControllerTool.m in Sources */,
				6E4F858B1E81388900471C32 /* SXLaunchImageAdView.m in Sources */,
				6E861A7A1E822953005A165E /* DisCoveryMusixBoxController.m in Sources */,
				6E4F85881E81388900471C32 /* SXAppConst.m in Sources */,
				6E4F85821E81388900471C32 /* BaseController.m in Sources */,
				6EEF80E81E81355900F127CB /* main.m in Sources */,
				6E4F85871E81388900471C32 /* SXApiConst.m in Sources */,
			);
			runOnlyForDeploymentPostprocessing = 0;
		};
/* End PBXSourcesBuildPhase section */

/* Begin PBXVariantGroup section */
		6EEF80EF1E81355900F127CB /* Main.storyboard */ = {
			isa = PBXVariantGroup;
			children = (
				6EEF80F01E81355900F127CB /* Base */,
			);
			name = Main.storyboard;
			sourceTree = "<group>";
		};
		6EEF80F41E81355900F127CB /* LaunchScreen.storyboard */ = {
			isa = PBXVariantGroup;
			children = (
				6EEF80F51E81355900F127CB /* Base */,
			);
			name = LaunchScreen.storyboard;
			sourceTree = "<group>";
		};
/* End PBXVariantGroup section */

/* Begin XCBuildConfiguration section */
		6EEF80F81E81355900F127CB /* Debug */ = {
			isa = XCBuildConfiguration;
			buildSettings = {
				ALWAYS_SEARCH_USER_PATHS = NO;
				CLANG_ANALYZER_NONNULL = YES;
				CLANG_CXX_LANGUAGE_STANDARD = "gnu++0x";
				CLANG_CXX_LIBRARY = "libc++";
				CLANG_ENABLE_MODULES = YES;
				CLANG_ENABLE_OBJC_ARC = YES;
				CLANG_WARN_BOOL_CONVERSION = YES;
				CLANG_WARN_CONSTANT_CONVERSION = YES;
				CLANG_WARN_DIRECT_OBJC_ISA_USAGE = YES_ERROR;
				CLANG_WARN_DOCUMENTATION_COMMENTS = YES;
				CLANG_WARN_EMPTY_BODY = YES;
				CLANG_WARN_ENUM_CONVERSION = YES;
				CLANG_WARN_INFINITE_RECURSION = YES;
				CLANG_WARN_INT_CONVERSION = YES;
				CLANG_WARN_OBJC_ROOT_CLASS = YES_ERROR;
				CLANG_WARN_SUSPICIOUS_MOVE = YES;
				CLANG_WARN_UNREACHABLE_CODE = YES;
				CLANG_WARN__DUPLICATE_METHOD_MATCH = YES;
				"CODE_SIGN_IDENTITY[sdk=iphoneos*]" = "iPhone Developer";
				COPY_PHASE_STRIP = NO;
				DEBUG_INFORMATION_FORMAT = dwarf;
				ENABLE_STRICT_OBJC_MSGSEND = YES;
				ENABLE_TESTABILITY = YES;
				GCC_C_LANGUAGE_STANDARD = gnu99;
				GCC_DYNAMIC_NO_PIC = NO;
				GCC_NO_COMMON_BLOCKS = YES;
				GCC_OPTIMIZATION_LEVEL = 0;
				GCC_PREPROCESSOR_DEFINITIONS = (
					"DEBUG=1",
					"$(inherited)",
				);
				GCC_WARN_64_TO_32_BIT_CONVERSION = YES;
				GCC_WARN_ABOUT_RETURN_TYPE = YES_ERROR;
				GCC_WARN_UNDECLARED_SELECTOR = YES;
				GCC_WARN_UNINITIALIZED_AUTOS = YES_AGGRESSIVE;
				GCC_WARN_UNUSED_FUNCTION = YES;
				GCC_WARN_UNUSED_VARIABLE = YES;
				IPHONEOS_DEPLOYMENT_TARGET = 10.2;
				MTL_ENABLE_DEBUG_INFO = YES;
				ONLY_ACTIVE_ARCH = YES;
				SDKROOT = iphoneos;
			};
			name = Debug;
		};
		6EEF80F91E81355900F127CB /* Release */ = {
			isa = XCBuildConfiguration;
			buildSettings = {
				ALWAYS_SEARCH_USER_PATHS = NO;
				CLANG_ANALYZER_NONNULL = YES;
				CLANG_CXX_LANGUAGE_STANDARD = "gnu++0x";
				CLANG_CXX_LIBRARY = "libc++";
				CLANG_ENABLE_MODULES = YES;
				CLANG_ENABLE_OBJC_ARC = YES;
				CLANG_WARN_BOOL_CONVERSION = YES;
				CLANG_WARN_CONSTANT_CONVERSION = YES;
				CLANG_WARN_DIRECT_OBJC_ISA_USAGE = YES_ERROR;
				CLANG_WARN_DOCUMENTATION_COMMENTS = YES;
				CLANG_WARN_EMPTY_BODY = YES;
				CLANG_WARN_ENUM_CONVERSION = YES;
				CLANG_WARN_INFINITE_RECURSION = YES;
				CLANG_WARN_INT_CONVERSION = YES;
				CLANG_WARN_OBJC_ROOT_CLASS = YES_ERROR;
				CLANG_WARN_SUSPICIOUS_MOVE = YES;
				CLANG_WARN_UNREACHABLE_CODE = YES;
				CLANG_WARN__DUPLICATE_METHOD_MATCH = YES;
				"CODE_SIGN_IDENTITY[sdk=iphoneos*]" = "iPhone Developer";
				COPY_PHASE_STRIP = NO;
				DEBUG_INFORMATION_FORMAT = "dwarf-with-dsym";
				ENABLE_NS_ASSERTIONS = NO;
				ENABLE_STRICT_OBJC_MSGSEND = YES;
				GCC_C_LANGUAGE_STANDARD = gnu99;
				GCC_NO_COMMON_BLOCKS = YES;
				GCC_WARN_64_TO_32_BIT_CONVERSION = YES;
				GCC_WARN_ABOUT_RETURN_TYPE = YES_ERROR;
				GCC_WARN_UNDECLARED_SELECTOR = YES;
				GCC_WARN_UNINITIALIZED_AUTOS = YES_AGGRESSIVE;
				GCC_WARN_UNUSED_FUNCTION = YES;
				GCC_WARN_UNUSED_VARIABLE = YES;
				IPHONEOS_DEPLOYMENT_TARGET = 10.2;
				MTL_ENABLE_DEBUG_INFO = NO;
				SDKROOT = iphoneos;
				VALIDATE_PRODUCT = YES;
			};
			name = Release;
		};
		6EEF80FB1E81355900F127CB /* Debug */ = {
			isa = XCBuildConfiguration;
			baseConfigurationReference = 7190392D19E5BECEB2CAA604 /* Pods-NetEaseMusic.debug.xcconfig */;
			buildSettings = {
				ASSETCATALOG_COMPILER_APPICON_NAME = AppIcon;
				DEVELOPMENT_TEAM = 7L4VNB87R6;
				GCC_PRECOMPILE_PREFIX_HEADER = YES;
				GCC_PREFIX_HEADER = "$(SRCROOT)/NetEaseMusic/Classes/Others/SXPrefixHeader.pch";
				INFOPLIST_FILE = NetEaseMusic/Info.plist;
				LD_RUNPATH_SEARCH_PATHS = "$(inherited) @executable_path/Frameworks";
				PRODUCT_BUNDLE_IDENTIFIER = com.isunxu.NetEaseMusic;
				PRODUCT_NAME = "$(TARGET_NAME)";
			};
			name = Debug;
		};
		6EEF80FC1E81355900F127CB /* Release */ = {
			isa = XCBuildConfiguration;
			baseConfigurationReference = 561A8849B5A875931F25F35D /* Pods-NetEaseMusic.release.xcconfig */;
			buildSettings = {
				ASSETCATALOG_COMPILER_APPICON_NAME = AppIcon;
				DEVELOPMENT_TEAM = 7L4VNB87R6;
				GCC_PRECOMPILE_PREFIX_HEADER = YES;
				GCC_PREFIX_HEADER = "$(SRCROOT)/NetEaseMusic/Classes/Others/SXPrefixHeader.pch";
				INFOPLIST_FILE = NetEaseMusic/Info.plist;
				LD_RUNPATH_SEARCH_PATHS = "$(inherited) @executable_path/Frameworks";
				PRODUCT_BUNDLE_IDENTIFIER = com.isunxu.NetEaseMusic;
				PRODUCT_NAME = "$(TARGET_NAME)";
			};
			name = Release;
		};
/* End XCBuildConfiguration section */

/* Begin XCConfigurationList section */
		6EEF80DE1E81355900F127CB /* Build configuration list for PBXProject "NetEaseMusic" */ = {
			isa = XCConfigurationList;
			buildConfigurations = (
				6EEF80F81E81355900F127CB /* Debug */,
				6EEF80F91E81355900F127CB /* Release */,
			);
			defaultConfigurationIsVisible = 0;
			defaultConfigurationName = Release;
		};
		6EEF80FA1E81355900F127CB /* Build configuration list for PBXNativeTarget "NetEaseMusic" */ = {
			isa = XCConfigurationList;
			buildConfigurations = (
				6EEF80FB1E81355900F127CB /* Debug */,
				6EEF80FC1E81355900F127CB /* Release */,
			);
			defaultConfigurationIsVisible = 0;
			defaultConfigurationName = Release;
		};
/* End XCConfigurationList section */
	};
	rootObject = 6EEF80DB1E81355900F127CB /* Project object */;
}
